
Microsoft Visual Studio Solution File, Format Version 12.00
# Visual Studio Version 16
VisualStudioVersion = 16.0.29911.84
MinimumVisualStudioVersion = 10.0.40219.1
Project("{9A19103F-16F7-4668-BE54-9A1E7A4F7556}") = "IdentityServer", "IdentityServer\IdentityServer.csproj", "{737D2E9A-3F5E-4A29-969F-DAB22CD502E5}"
EndProject
Project("{FAE04EC0-301F-11D3-BF4B-00C04F79EFBC}") = "ApiOne", "ApiOne\ApiOne.csproj", "{1078F21C-CF07-4F6A-99AC-16F37A21CC9E}"
EndProject
Global
	GlobalSection(SolutionConfigurationPlatforms) = preSolution
		Debug|Any CPU = Debug|Any CPU
		Release|Any CPU = Release|Any CPU
	EndGlobalSection
	GlobalSection(ProjectConfigurationPlatforms) = postSolution
		{737D2E9A-3F5E-4A29-969F-DAB22CD502E5}.Debug|Any CPU.ActiveCfg = Debug|Any CPU
		{737D2E9A-3F5E-4A29-969F-DAB22CD502E5}.Debug|Any CPU.Build.0 = Debug|Any CPU
		{737D2E9A-3F5E-4A29-969F-DAB22CD502E5}.Release|Any CPU.ActiveCfg = Release|Any CPU
		{737D2E9A-3F5E-4A29-969F-DAB22CD502E5}.Release|Any CPU.Build.0 = Release|Any CPU
		{1078F21C-CF07-4F6A-99AC-16F37A21CC9E}.Debug|Any CPU.ActiveCfg = Debug|Any CPU
		{1078F21C-CF07-4F6A-99AC-16F37A21CC9E}.Debug|Any CPU.Build.0 = Debug|Any CPU
		{1078F21C-CF07-4F6A-99AC-16F37A21CC9E}.Release|Any CPU.ActiveCfg = Release|Any CPU
		{1078F21C-CF07-4F6A-99AC-16F37A21CC9E}.Release|Any CPU.Build.0 = Release|Any CPU
	EndGlobalSection
	GlobalSection(SolutionProperties) = preSolution
		HideSolutionNode = FALSE
	EndGlobalSection
	GlobalSection(ExtensibilityGlobals) = postSolution
		SolutionGuid = {F1CC4910-BFFB-4E60-B252-AE64C75EDFAF}
	EndGlobalSection
EndGlobal
